{
  "name": "edge-gateway",
  "version": "1.0.0",
  "lockfileVersion": 3,
  "requires": true,
  "packages": {
    "": {
      "name": "edge-gateway",
      "version": "1.0.0",
      "devDependencies": {
        "@cloudflare/workers-types": "^5.20260907.1",
        "typescript": "^5.0.0"
      }
    },
    "node_modules/@cloudflare/workers-types": {
      "version": "5.20260907.1",
      "resolved": "https://registry.npmjs.org/@cloudflare/workers-types/-/workers-types-5.20260907.1.tgz",
      "integrity": "sha512-HYI7eFb/MOcNzvbUW7ZwHVZL5YFXb4r6yHN3vx8gJCqde7yhn3bhuPKiQPw90UtGWWp7uOI+Que3kf8Svjn5cw==",
      "dev": true,
      "license": "MIT OR Apache-2.0"
    },
    "node_modules/typescript": {
      "version": "5.9.3",
      "resolved": "https://registry.npmjs.org/typescript/-/typescript-5.9.3.tgz",
      "integrity": "sha512-jl1vZzPDinLr9eUt3J/t7V6FgNEw9QjvBPdysz9KfQDD41fQrC2Y4vKQdiaUpFT4bXlb1RHhLpp8wtm6M5TgSw==",
      "dev": true,
      "license": "Apache-2.0",
      "bin": {
        "tsc": "bin/tsc",
        "tsserver": "bin/tsserver"
      },
      "engines": {
        "node": ">=14.17"
      }
    }
  }
}
